
Microsoft Visual Studio Solution File, Format Version 12.00
# Visual Studio Version 17
VisualStudioVersion = 17.0.31903.59
MinimumVisualStudioVersion = 10.0.40219.1
Project("{2150E333-8FDC-42A3-9474-1A3956D46DE8}") = "src", "src", "{827E0CD3-B72D-47B6-A68D-7590B98EB39B}"
EndProject
Project("{FAE04EC0-301F-11D3-BF4B-00C04F79EFBC}") = "Flecto.Core", "src\Flecto.Core\Flecto.Core.csproj", "{D0FBA61A-8AE6-426B-9BC3-4F1A61CBE19A}"
EndProject
Project("{FAE04EC0-301F-11D3-BF4B-00C04F79EFBC}") = "Flecto.Dapper", "src\Flecto.Dapper\Flecto.Dapper.csproj", "{D695D22F-EC54-46EB-A00B-5CE000D58342}"
EndProject
Project("{2150E333-8FDC-42A3-9474-1A3956D46DE8}") = "tests", "tests", "{0AB3BF05-4346-4AA6-1389-037BE0695223}"
EndProject
Project("{FAE04EC0-301F-11D3-BF4B-00C04F79EFBC}") = "Flecto.Core.UnitTests", "tests\Flecto.Core.UnitTests\Flecto.Core.UnitTests.csproj", "{3A6FDFDE-6F51-45F0-B420-D7F19C91F306}"
EndProject
Project("{FAE04EC0-301F-11D3-BF4B-00C04F79EFBC}") = "Flecto.Dapper.UnitTests", "tests\Flecto.Dapper.UnitTests\Flecto.Dapper.UnitTests.csproj", "{D4FB611B-2DE7-49BD-A13D-DAAC5A82B029}"
EndProject
Global
	GlobalSection(SolutionConfigurationPlatforms) = preSolution
		Debug|Any CPU = Debug|Any CPU
		Debug|x64 = Debug|x64
		Debug|x86 = Debug|x86
		Release|Any CPU = Release|Any CPU
		Release|x64 = Release|x64
		Release|x86 = Release|x86
	EndGlobalSection
	GlobalSection(ProjectConfigurationPlatforms) = postSolution
		{D0FBA61A-8AE6-426B-9BC3-4F1A61CBE19A}.Debug|Any CPU.ActiveCfg = Debug|Any CPU
		{D0FBA61A-8AE6-426B-9BC3-4F1A61CBE19A}.Debug|Any CPU.Build.0 = Debug|Any CPU
		{D0FBA61A-8AE6-426B-9BC3-4F1A61CBE19A}.Debug|x64.ActiveCfg = Debug|Any CPU
		{D0FBA61A-8AE6-426B-9BC3-4F1A61CBE19A}.Debug|x64.Build.0 = Debug|Any CPU
		{D0FBA61A-8AE6-426B-9BC3-4F1A61CBE19A}.Debug|x86.ActiveCfg = Debug|Any CPU
		{D0FBA61A-8AE6-426B-9BC3-4F1A61CBE19A}.Debug|x86.Build.0 = Debug|Any CPU
		{D0FBA61A-8AE6-426B-9BC3-4F1A61CBE19A}.Release|Any CPU.ActiveCfg = Release|Any CPU
		{D0FBA61A-8AE6-426B-9BC3-4F1A61CBE19A}.Release|Any CPU.Build.0 = Release|Any CPU
		{D0FBA61A-8AE6-426B-9BC3-4F1A61CBE19A}.Release|x64.ActiveCfg = Release|Any CPU
		{D0FBA61A-8AE6-426B-9BC3-4F1A61CBE19A}.Release|x64.Build.0 = Release|Any CPU
		{D0FBA61A-8AE6-426B-9BC3-4F1A61CBE19A}.Release|x86.ActiveCfg = Release|Any CPU
		{D0FBA61A-8AE6-426B-9BC3-4F1A61CBE19A}.Release|x86.Build.0 = Release|Any CPU
		{D695D22F-EC54-46EB-A00B-5CE000D58342}.Debug|Any CPU.ActiveCfg = Debug|Any CPU
		{D695D22F-EC54-46EB-A00B-5CE000D58342}.Debug|Any CPU.Build.0 = Debug|Any CPU
		{D695D22F-EC54-46EB-A00B-5CE000D58342}.Debug|x64.ActiveCfg = Debug|Any CPU
		{D695D22F-EC54-46EB-A00B-5CE000D58342}.Debug|x64.Build.0 = Debug|Any CPU
		{D695D22F-EC54-46EB-A00B-5CE000D58342}.Debug|x86.ActiveCfg = Debug|Any CPU
		{D695D22F-EC54-46EB-A00B-5CE000D58342}.Debug|x86.Build.0 = Debug|Any CPU
		{D695D22F-EC54-46EB-A00B-5CE000D58342}.Release|Any CPU.ActiveCfg = Release|Any CPU
		{D695D22F-EC54-46EB-A00B-5CE000D58342}.Release|Any CPU.Build.0 = Release|Any CPU
		{D695D22F-EC54-46EB-A00B-5CE000D58342}.Release|x64.ActiveCfg = Release|Any CPU
		{D695D22F-EC54-46EB-A00B-5CE000D58342}.Release|x64.Build.0 = Release|Any CPU
		{D695D22F-EC54-46EB-A00B-5CE000D58342}.Release|x86.ActiveCfg = Release|Any CPU
		{D695D22F-EC54-46EB-A00B-5CE000D58342}.Release|x86.Build.0 = Release|Any CPU
		{3A6FDFDE-6F51-45F0-B420-D7F19C91F306}.Debug|Any CPU.ActiveCfg = Debug|Any CPU
		{3A6FDFDE-6F51-45F0-B420-D7F19C91F306}.Debug|Any CPU.Build.0 = Debug|Any CPU
		{3A6FDFDE-6F51-45F0-B420-D7F19C91F306}.Debug|x64.ActiveCfg = Debug|Any CPU
		{3A6FDFDE-6F51-45F0-B420-D7F19C91F306}.Debug|x64.Build.0 = Debug|Any CPU
		{3A6FDFDE-6F51-45F0-B420-D7F19C91F306}.Debug|x86.ActiveCfg = Debug|Any CPU
		{3A6FDFDE-6F51-45F0-B420-D7F19C91F306}.Debug|x86.Build.0 = Debug|Any CPU
		{3A6FDFDE-6F51-45F0-B420-D7F19C91F306}.Release|Any CPU.ActiveCfg = Release|Any CPU
		{3A6FDFDE-6F51-45F0-B420-D7F19C91F306}.Release|Any CPU.Build.0 = Release|Any CPU
		{3A6FDFDE-6F51-45F0-B420-D7F19C91F306}.Release|x64.ActiveCfg = Release|Any CPU
		{3A6FDFDE-6F51-45F0-B420-D7F19C91F306}.Release|x64.Build.0 = Release|Any CPU
		{3A6FDFDE-6F51-45F0-B420-D7F19C91F306}.Release|x86.ActiveCfg = Release|Any CPU
		{3A6FDFDE-6F51-45F0-B420-D7F19C91F306}.Release|x86.Build.0 = Release|Any CPU
		{D4FB611B-2DE7-49BD-A13D-DAAC5A82B029}.Debug|Any CPU.ActiveCfg = Debug|Any CPU
		{D4FB611B-2DE7-49BD-A13D-DAAC5A82B029}.Debug|Any CPU.Build.0 = Debug|Any CPU
		{D4FB611B-2DE7-49BD-A13D-DAAC5A82B029}.Debug|x64.ActiveCfg = Debug|Any CPU
		{D4FB611B-2DE7-49BD-A13D-DAAC5A82B029}.Debug|x64.Build.0 = Debug|Any CPU
		{D4FB611B-2DE7-49BD-A13D-DAAC5A82B029}.Debug|x86.ActiveCfg = Debug|Any CPU
		{D4FB611B-2DE7-49BD-A13D-DAAC5A82B029}.Debug|x86.Build.0 = Debug|Any CPU
		{D4FB611B-2DE7-49BD-A13D-DAAC5A82B029}.Release|Any CPU.ActiveCfg = Release|Any CPU
		{D4FB611B-2DE7-49BD-A13D-DAAC5A82B029}.Release|Any CPU.Build.0 = Release|Any CPU
		{D4FB611B-2DE7-49BD-A13D-DAAC5A82B029}.Release|x64.ActiveCfg = Release|Any CPU
		{D4FB611B-2DE7-49BD-A13D-DAAC5A82B029}.Release|x64.Build.0 = Release|Any CPU
		{D4FB611B-2DE7-49BD-A13D-DAAC5A82B029}.Release|x86.ActiveCfg = Release|Any CPU
		{D4FB611B-2DE7-49BD-A13D-DAAC5A82B029}.Release|x86.Build.0 = Release|Any CPU
	EndGlobalSection
	GlobalSection(SolutionProperties) = preSolution
		HideSolutionNode = FALSE
	EndGlobalSection
	GlobalSection(NestedProjects) = preSolution
		{D0FBA61A-8AE6-426B-9BC3-4F1A61CBE19A} = {827E0CD3-B72D-47B6-A68D-7590B98EB39B}
		{D695D22F-EC54-46EB-A00B-5CE000D58342} = {827E0CD3-B72D-47B6-A68D-7590B98EB39B}
		{3A6FDFDE-6F51-45F0-B420-D7F19C91F306} = {0AB3BF05-4346-4AA6-1389-037BE0695223}
		{D4FB611B-2DE7-49BD-A13D-DAAC5A82B029} = {0AB3BF05-4346-4AA6-1389-037BE0695223}
	EndGlobalSection
EndGlobal
